{
  "name": "webassemblydemo",
  "version": "1.0.0",
  "lockfileVersion": 1,
  "requires": true,
  "dependencies": {
    "wabt": {
      "version": "1.0.29",
      "resolved": "https://registry.npmjs.org/wabt/-/wabt-1.0.29.tgz",
      "integrity": "sha512-taUwem3bYn5ZrDYSNqJ2lIAXA3t0Xon7rLjRa8PZ21h8vp0IP5SKyozcWFhv8PPC07KJkGWpDuSCnzSdJ01YsA=="
    }
  }
}
